<?xml version="1.0" encoding="utf-8"?>
<Project ToolsVersion="4.0" xmlns="http://schemas.microsoft.com/developer/msbuild/2003">
  <ItemGroup>
    <Filter Include="ソース ファイル">
      <UniqueIdentifier>{4FC737F1-C7A5-4376-A066-2A32D752A2FF}</UniqueIdentifier>
      <Extensions>cpp;c;cc;cxx;c++;cppm;ixx;def;odl;idl;hpj;bat;asm;asmx</Extensions>
    </Filter>
    <Filter Include="ヘッダー ファイル">
      <UniqueIdentifier>{93995380-89BD-4b04-88EB-625FBE52EBFB}</UniqueIdentifier>
      <Extensions>h;hh;hpp;hxx;h++;hm;inl;inc;ipp;xsd</Extensions>
    </Filter>
    <Filter Include="リソース ファイル">
      <UniqueIdentifier>{67DA6AB6-F800-4c08-8B7A-83BB121AAD01}</UniqueIdentifier>
      <Extensions>rc;ico;cur;bmp;dlg;rc2;rct;bin;rgs;gif;jpg;jpeg;jpe;resx;tiff;tif;png;wav;mfcribbon-ms</Extensions>
    </Filter>
    <Filter Include="ソース ファイル\system">
      <UniqueIdentifier>{6c91339f-7fa1-410f-a86e-f3efe70a1027}</UniqueIdentifier>
    </Filter>
    <Filter Include="ソース ファイル\system\imgui">
      <UniqueIdentifier>{3f1c7742-9cf3-41ae-828f-9517d8c36980}</UniqueIdentifier>
    </Filter>
    <Filter Include="ソース ファイル\Scene">
      <UniqueIdentifier>{4e80dafb-7b59-4f0b-990b-fd12f230d890}</UniqueIdentifier>
    </Filter>
    <Filter Include="ソース ファイル\MyFramework">
      <UniqueIdentifier>{d16cd8c0-b5e4-4341-98d1-c7da3e3e660c}</UniqueIdentifier>
    </Filter>
    <Filter Include="ソース ファイル\MyFramework\Window">
      <UniqueIdentifier>{fcdd2434-5ce5-4a8e-b1f0-40c3f0e9de72}</UniqueIdentifier>
    </Filter>
    <Filter Include="ソース ファイル\MyFramework\IScene">
      <UniqueIdentifier>{0059819e-878e-44f8-8359-fd9e2a145ac9}</UniqueIdentifier>
    </Filter>
    <Filter Include="ソース ファイル\MyFramework\Shader">
      <UniqueIdentifier>{2108c987-ef24-4ca7-94ee-314ab00924f5}</UniqueIdentifier>
    </Filter>
    <Filter Include="ソース ファイル\system\SampleFramework">
      <UniqueIdentifier>{2a78bab8-ffb1-4b85-83d4-320fe27cc79d}</UniqueIdentifier>
    </Filter>
    <Filter Include="ソース ファイル\MyFramework\Application">
      <UniqueIdentifier>{2fa7359d-b484-4527-9f5d-90aa1bf01df3}</UniqueIdentifier>
    </Filter>
    <Filter Include="ソース ファイル\MyFramework\Game">
      <UniqueIdentifier>{efb7b029-b381-4aeb-b8e8-95d644037d40}</UniqueIdentifier>
    </Filter>
    <Filter Include="ソース ファイル\MyFramework\エントリーポイント">
      <UniqueIdentifier>{7e2b53f5-5d1c-4a4b-95cc-a191b38fe759}</UniqueIdentifier>
    </Filter>
    <Filter Include="ソース ファイル\MyFramework\GameObject">
      <UniqueIdentifier>{58f85d9d-3a6c-490b-b641-aec00d095bf4}</UniqueIdentifier>
    </Filter>
    <Filter Include="ソース ファイル\MyFramework\GameObject\Character">
      <UniqueIdentifier>{8c1941d3-de19-4a4d-9e37-90d8dad1d9d8}</UniqueIdentifier>
    </Filter>
    <Filter Include="ソース ファイル\MyFramework\Transform">
      <UniqueIdentifier>{739c2985-2086-408b-983d-ca8233610bd7}</UniqueIdentifier>
    </Filter>
    <Filter Include="ソース ファイル\MyFramework\GameObject\Player">
      <UniqueIdentifier>{29d175bf-93ae-4d27-a397-4ee5ac09e729}</UniqueIdentifier>
    </Filter>
    <Filter Include="ソース ファイル\MyFramework\GameObject\Enemy">
      <UniqueIdentifier>{cf270e59-ac75-4ddb-818c-607c0ee97999}</UniqueIdentifier>
    </Filter>
    <Filter Include="ソース ファイル\system\Animation">
      <UniqueIdentifier>{2bfaacd4-a85c-4cec-9f84-409e57fd4d8c}</UniqueIdentifier>
    </Filter>
    <Filter Include="ソース ファイル\MyFramework\GameObject\Billboard">
      <UniqueIdentifier>{dc72e1b8-4404-4bed-a060-22d10924a58b}</UniqueIdentifier>
    </Filter>
    <Filter Include="ソース ファイル\MyFramework\Component">
      <UniqueIdentifier>{600c6668-5964-4dd9-a4ed-cb3dffe95cce}</UniqueIdentifier>
    </Filter>
    <Filter Include="ソース ファイル\MyFramework\Component\IComponent">
      <UniqueIdentifier>{74b4ad61-0dc9-41ad-ac53-0b41c803476c}</UniqueIdentifier>
    </Filter>
    <Filter Include="ソース ファイル\MyFramework\Component\IRenderer">
      <UniqueIdentifier>{d410d0c6-44c2-42de-9fa5-0e420ca3a091}</UniqueIdentifier>
    </Filter>
    <Filter Include="ソース ファイル\MyFramework\Component\MeshRenderer">
      <UniqueIdentifier>{79e534d6-6e10-4f75-a981-4e229bdbdc7c}</UniqueIdentifier>
    </Filter>
    <Filter Include="ソース ファイル\MyFramework\GraphicsSystem">
      <UniqueIdentifier>{d3c78b8c-6a5d-4623-b1e4-b324918a8282}</UniqueIdentifier>
    </Filter>
    <Filter Include="ソース ファイル\MyFramework\EngineContext">
      <UniqueIdentifier>{d84dc098-3de6-473a-8b45-8ba0374c8450}</UniqueIdentifier>
    </Filter>
    <Filter Include="ソース ファイル\MyFramework\Time">
      <UniqueIdentifier>{c8c1bc89-3915-410e-9378-dcc40e5d6a05}</UniqueIdentifier>
    </Filter>
    <Filter Include="ソース ファイル\MyFramework\Buffer">
      <UniqueIdentifier>{377c53f3-5ee4-48a7-91d7-5e1609a47091}</UniqueIdentifier>
    </Filter>
    <Filter Include="ソース ファイル\MyFramework\Component\Collider">
      <UniqueIdentifier>{ee20d9c5-75db-446d-9df9-ff91f3ca24ea}</UniqueIdentifier>
    </Filter>
    <Filter Include="ソース ファイル\MyFramework\GameObject\Box">
      <UniqueIdentifier>{d6e3466c-258a-454a-b98e-469acfffab37}</UniqueIdentifier>
    </Filter>
    <Filter Include="ソース ファイル\MyFramework\Material">
      <UniqueIdentifier>{ce3fa4c7-ebb0-4f49-ae38-4d1df9d565d8}</UniqueIdentifier>
    </Filter>
    <Filter Include="ソース ファイル\system\GameObject">
      <UniqueIdentifier>{39232f49-5659-456f-95c5-d75458badf9c}</UniqueIdentifier>
    </Filter>
    <Filter Include="ソース ファイル\MyFramework\Manager">
      <UniqueIdentifier>{6db71e1e-0049-41aa-bc89-87dbf648c557}</UniqueIdentifier>
    </Filter>
    <Filter Include="ソース ファイル\MyFramework\Manager\RenderManager">
      <UniqueIdentifier>{b029af05-7bfa-4a8d-8cf5-2a7a6d3c3e5e}</UniqueIdentifier>
    </Filter>
    <Filter Include="ソース ファイル\MyFramework\Manager\ObjectManager">
      <UniqueIdentifier>{05a949d3-34af-49af-af53-8cbc5e23f67f}</UniqueIdentifier>
    </Filter>
    <Filter Include="ソース ファイル\MyFramework\Manager\SceneManager">
      <UniqueIdentifier>{7ce9304a-085b-430f-8b9a-9a731e9018fd}</UniqueIdentifier>
    </Filter>
    <Filter Include="ソース ファイル\MyFramework\Manager\SceneManager\Transition">
      <UniqueIdentifier>{46fac984-ae10-4175-bb81-65e36411503e}</UniqueIdentifier>
    </Filter>
    <Filter Include="ソース ファイル\MyFramework\Manager\ShaderManager">
      <UniqueIdentifier>{a82f6b9f-b0b7-488e-9ead-f599915b374c}</UniqueIdentifier>
    </Filter>
    <Filter Include="ソース ファイル\MyFramework\Manager\AssetManager">
      <UniqueIdentifier>{69348d46-fc8b-4c1b-a464-35fe3b992e5e}</UniqueIdentifier>
    </Filter>
    <Filter Include="ソース ファイル\MyFramework\Manager\ColliderManager">
      <UniqueIdentifier>{371a09ce-76e2-4fdb-929f-eb6ba1928b2a}</UniqueIdentifier>
    </Filter>
    <Filter Include="ソース ファイル\MyFramework\Manager\Time">
      <UniqueIdentifier>{53b5c3cc-aef5-4912-8067-e70d2f70fa4b}</UniqueIdentifier>
    </Filter>
    <Filter Include="ソース ファイル\MyFramework\Manager\PhysicsManager">
      <UniqueIdentifier>{10705ddd-e02a-4110-bc26-ce7416a1ae3b}</UniqueIdentifier>
    </Filter>
    <Filter Include="ソース ファイル\system\Debug">
      <UniqueIdentifier>{75e19e57-d5c4-4604-bcf0-fb1eebf37b9d}</UniqueIdentifier>
    </Filter>
    <Filter Include="ソース ファイル\MyFramework\Component\EnemyAI">
      <UniqueIdentifier>{e7a909e5-cc1b-4d08-af15-ae67b3943a7f}</UniqueIdentifier>
    </Filter>
  </ItemGroup>
  <ItemGroup>
    <ClInclude Include="system\AimOrientation.h">
      <Filter>ソース ファイル\system</Filter>
    </ClInclude>
    <ClInclude Include="system\AssimpPerse.h">
      <Filter>ソース ファイル\system</Filter>
    </ClInclude>
    <ClInclude Include="system\BoneCombMatrix.h">
      <Filter>ソース ファイル\system</Filter>
    </ClInclude>
    <ClInclude Include="system\BoxDrawer.h">
      <Filter>ソース ファイル\system</Filter>
    </ClInclude>
    <ClInclude Include="system\C3DShape.h">
      <Filter>ソース ファイル\system</Filter>
    </ClInclude>
    <ClInclude Include="system\camera.h">
      <Filter>ソース ファイル\system</Filter>
    </ClInclude>
    <ClInclude Include="system\CapsuleDrawer.h">
      <Filter>ソース ファイル\system</Filter>
    </ClInclude>
    <ClInclude Include="system\CBoxMesh.h">
      <Filter>ソース ファイル\system</Filter>
    </ClInclude>
    <ClInclude Include="system\CConeMesh.h">
      <Filter>ソース ファイル\system</Filter>
    </ClInclude>
    <ClInclude Include="system\CCylinderMesh.h">
      <Filter>ソース ファイル\system</Filter>
    </ClInclude>
    <ClInclude Include="system\CDirectInput.h">
      <Filter>ソース ファイル\system</Filter>
    </ClInclude>
    <ClInclude Include="system\CLineMesh.h">
      <Filter>ソース ファイル\system</Filter>
    </ClInclude>
    <ClInclude Include="system\CMaterial.h">
      <Filter>ソース ファイル\system</Filter>
    </ClInclude>
    <ClInclude Include="system\CMesh.h">
      <Filter>ソース ファイル\system</Filter>
    </ClInclude>
    <ClInclude Include="system\CMeshRenderer.h">
      <Filter>ソース ファイル\system</Filter>
    </ClInclude>
    <ClInclude Include="system\ConeDrawer.h">
      <Filter>ソース ファイル\system</Filter>
    </ClInclude>
    <ClInclude Include="system\CPolar3D.h">
      <Filter>ソース ファイル\system</Filter>
    </ClInclude>
    <ClInclude Include="system\CShader.h">
      <Filter>ソース ファイル\system</Filter>
    </ClInclude>
    <ClInclude Include="system\CSphereMesh.h">
      <Filter>ソース ファイル\system</Filter>
    </ClInclude>
    <ClInclude Include="system\CSprite.h">
      <Filter>ソース ファイル\system</Filter>
    </ClInclude>
    <ClInclude Include="system\CStaticMesh.h">
      <Filter>ソース ファイル\system</Filter>
    </ClInclude>
    <ClInclude Include="system\CStaticMeshRenderer.h">
      <Filter>ソース ファイル\system</Filter>
    </ClInclude>
    <ClInclude Include="system\CTreeNode.h">
      <Filter>ソース ファイル\system</Filter>
    </ClInclude>
    <ClInclude Include="system\CylinderDrawer.h">
      <Filter>ソース ファイル\system</Filter>
    </ClInclude>
    <ClInclude Include="system\dx11helper.h">
      <Filter>ソース ファイル\system</Filter>
    </ClInclude>
    <ClInclude Include="system\LineDrawer.h">
      <Filter>ソース ファイル\system</Filter>
    </ClInclude>
    <ClInclude Include="system\SphereDrawer.h">
      <Filter>ソース ファイル\system</Filter>
    </ClInclude>
    <ClInclude Include="system\stb_image.h">
      <Filter>ソース ファイル\system</Filter>
    </ClInclude>
    <ClInclude Include="system\transform.h">
      <Filter>ソース ファイル\system</Filter>
    </ClInclude>
    <ClInclude Include="system\utility.h">
      <Filter>ソース ファイル\system</Filter>
    </ClInclude>
    <ClInclude Include="system\imgui\imconfig.h">
      <Filter>ソース ファイル\system\imgui</Filter>
    </ClInclude>
    <ClInclude Include="system\imgui\imgui.h">
      <Filter>ソース ファイル\system\imgui</Filter>
    </ClInclude>
    <ClInclude Include="system\imgui\imgui_impl_dx11.h">
      <Filter>ソース ファイル\system\imgui</Filter>
    </ClInclude>
    <ClInclude Include="system\imgui\imgui_impl_win32.h">
      <Filter>ソース ファイル\system\imgui</Filter>
    </ClInclude>
    <ClInclude Include="system\imgui\imgui_internal.h">
      <Filter>ソース ファイル\system\imgui</Filter>
    </ClInclude>
    <ClInclude Include="system\imgui\imstb_rectpack.h">
      <Filter>ソース ファイル\system\imgui</Filter>
    </ClInclude>
    <ClInclude Include="system\imgui\imstb_textedit.h">
      <Filter>ソース ファイル\system\imgui</Filter>
    </ClInclude>
    <ClInclude Include="system\imgui\imstb_truetype.h">
      <Filter>ソース ファイル\system\imgui</Filter>
    </ClInclude>
    <ClInclude Include="scene\SkeltalmeshScene.h">
      <Filter>ソース ファイル\Scene</Filter>
    </ClInclude>
    <ClInclude Include="system\Framework\Window\Window.h">
      <Filter>ソース ファイル\MyFramework\Window</Filter>
    </ClInclude>
    <ClInclude Include="system\Framework\SceneManager\SceneManager.h">
      <Filter>ソース ファイル\MyFramework\Manager\SceneManager</Filter>
    </ClInclude>
    <ClInclude Include="system\Framework\ObjectManager\ObjectManager.h">
      <Filter>ソース ファイル\MyFramework\Manager\ObjectManager</Filter>
    </ClInclude>
    <ClInclude Include="system\Framework\ObjectManager\SnowFlakeID.h">
      <Filter>ソース ファイル\MyFramework\Manager\ObjectManager</Filter>
    </ClInclude>
    <ClInclude Include="system\Framework\ShaderManager\ShaderManager.h">
      <Filter>ソース ファイル\MyFramework\Manager\ShaderManager</Filter>
    </ClInclude>
    <ClInclude Include="system\Framework\Scene\IScene.h">
      <Filter>ソース ファイル\MyFramework\IScene</Filter>
    </ClInclude>
    <ClInclude Include="system\Framework\Shader\IShader\IShader.h">
      <Filter>ソース ファイル\MyFramework\Shader</Filter>
    </ClInclude>
    <ClInclude Include="system\Framework\Shader\Shaders\PixelShader.h">
      <Filter>ソース ファイル\MyFramework\Shader</Filter>
    </ClInclude>
    <ClInclude Include="system\Framework\Shader\Shaders\VertexShader.h">
      <Filter>ソース ファイル\MyFramework\Shader</Filter>
    </ClInclude>
    <ClInclude Include="system\commontypes.h">
      <Filter>ソース ファイル\system\SampleFramework</Filter>
    </ClInclude>
    <ClInclude Include="system\CTexture.h">
      <Filter>ソース ファイル\system\SampleFramework</Filter>
    </ClInclude>
    <ClInclude Include="system\noncopyable.h">
      <Filter>ソース ファイル\system\SampleFramework</Filter>
    </ClInclude>
    <ClInclude Include="system\renderer.h">
      <Filter>ソース ファイル\system\SampleFramework</Filter>
    </ClInclude>
    <ClInclude Include="fpscontrol.h">
      <Filter>ソース ファイル\system\SampleFramework</Filter>
    </ClInclude>
    <ClInclude Include="system\Framework\Application\Application.h">
      <Filter>ソース ファイル\MyFramework\Application</Filter>
    </ClInclude>
    <ClInclude Include="system\Framework\Game\Game.h">
      <Filter>ソース ファイル\MyFramework\Game</Filter>
    </ClInclude>
    <ClInclude Include="system\Framework\Application\Entry\main.h">
      <Filter>ソース ファイル\MyFramework\エントリーポイント</Filter>
    </ClInclude>
    <ClInclude Include="scene\TitleScene.h">
      <Filter>ソース ファイル\Scene</Filter>
    </ClInclude>
    <ClInclude Include="system\Framework\AssetManager\AssetManager.h">
      <Filter>ソース ファイル\MyFramework\Manager\AssetManager</Filter>
    </ClInclude>
    <ClInclude Include="system\Framework\GameObject\GameObject.h">
      <Filter>ソース ファイル\MyFramework\GameObject</Filter>
    </ClInclude>
    <ClInclude Include="system\Framework\GameObject\Character\Character.h">
      <Filter>ソース ファイル\MyFramework\GameObject\Character</Filter>
    </ClInclude>
    <ClInclude Include="system\Framework\Component\Transform\Transform.h">
      <Filter>ソース ファイル\MyFramework\Transform</Filter>
    </ClInclude>
    <ClInclude Include="system\CPlaneMesh.h">
      <Filter>ソース ファイル\system</Filter>
    </ClInclude>
    <ClInclude Include="system\Framework\GameObject\Player\Player.h">
      <Filter>ソース ファイル\MyFramework\GameObject\Player</Filter>
    </ClInclude>
    <ClInclude Include="system\Framework\SceneManager\Transition\FadeTransition.h">
      <Filter>ソース ファイル\MyFramework\Manager\SceneManager\Transition</Filter>
    </ClInclude>
    <ClInclude Include="system\Framework\SceneManager\Transition\SceneTransition.h">
      <Filter>ソース ファイル\MyFramework\Manager\SceneManager\Transition</Filter>
    </ClInclude>
    <ClInclude Include="system\Framework\GameObject\Enemy\Enemy.h">
      <Filter>ソース ファイル\MyFramework\GameObject\Enemy</Filter>
    </ClInclude>
    <ClInclude Include="scene\ResultScene.h">
      <Filter>ソース ファイル\Scene</Filter>
    </ClInclude>
    <ClInclude Include="system\CAnimationData.h">
      <Filter>ソース ファイル\system\Animation</Filter>
    </ClInclude>
    <ClInclude Include="system\CAnimationMesh.h">
      <Filter>ソース ファイル\system\Animation</Filter>
    </ClInclude>
    <ClInclude Include="system\CAnimationObject.h">
      <Filter>ソース ファイル\system\Animation</Filter>
    </ClInclude>
    <ClInclude Include="system\Billboard\Billboard.h">
      <Filter>ソース ファイル\MyFramework\GameObject\Billboard</Filter>
    </ClInclude>
    <ClInclude Include="system\SceneClassFactory.h">
      <Filter>ソース ファイル\MyFramework\Manager\SceneManager</Filter>
    </ClInclude>
    <ClInclude Include="system\Framework\Component\IComponent\IComponent.h">
      <Filter>ソース ファイル\MyFramework\Component\IComponent</Filter>
    </ClInclude>
    <ClInclude Include="system\Framework\Component\Renderer\IRenderer\IRenderer.h">
      <Filter>ソース ファイル\MyFramework\Component\IRenderer</Filter>
    </ClInclude>
    <ClInclude Include="system\Framework\Graphics\RenderManager.h">
      <Filter>ソース ファイル\MyFramework\Manager\RenderManager</Filter>
    </ClInclude>
    <ClInclude Include="system\Framework\Graphics\GraphicsDevice.h">
      <Filter>ソース ファイル\MyFramework\GraphicsSystem</Filter>
    </ClInclude>
    <ClInclude Include="system\Framework\Component\Renderer\MeshRenderer\MeshRenderer.h">
      <Filter>ソース ファイル\MyFramework\Component\MeshRenderer</Filter>
    </ClInclude>
    <ClInclude Include="system\Framework\Graphics\RenderInfo.h">
      <Filter>ソース ファイル\MyFramework\EngineContext</Filter>
    </ClInclude>
    <ClInclude Include="system\Framework\EngineContext\EngineContext.h">
      <Filter>ソース ファイル\MyFramework\EngineContext</Filter>
    </ClInclude>
    <ClInclude Include="system\MyIndexBuffer.h">
      <Filter>ソース ファイル\MyFramework\Buffer</Filter>
    </ClInclude>
    <ClInclude Include="system\MyVertexBuffer.h">
      <Filter>ソース ファイル\MyFramework\Buffer</Filter>
    </ClInclude>
    <ClInclude Include="system\CIndexBuffer.h">
      <Filter>ソース ファイル\system\SampleFramework</Filter>
    </ClInclude>
    <ClInclude Include="system\CVertexBuffer.h">
      <Filter>ソース ファイル\system\SampleFramework</Filter>
    </ClInclude>
    <ClInclude Include="system\Cube\Cube.h">
      <Filter>ソース ファイル\MyFramework\GameObject\Box</Filter>
    </ClInclude>
    <ClInclude Include="system\Framework\Material\MyMaterial.h">
      <Filter>ソース ファイル\MyFramework\Material</Filter>
    </ClInclude>
    <ClInclude Include="system\Framework\ColliderManager\collision.h">
      <Filter>ソース ファイル\MyFramework\Manager\ColliderManager</Filter>
    </ClInclude>
    <ClInclude Include="system\CPlane.h">
      <Filter>ソース ファイル\system</Filter>
    </ClInclude>
    <ClInclude Include="system\GameObject\obstacle.h">
      <Filter>ソース ファイル\system\GameObject</Filter>
    </ClInclude>
    <ClInclude Include="system\GameObject\Rock.h">
      <Filter>ソース ファイル\system\GameObject</Filter>
    </ClInclude>
    <ClInclude Include="system\GameObject\Skydome.h">
      <Filter>ソース ファイル\system\GameObject</Filter>
    </ClInclude>
    <ClInclude Include="system\GameObject\Terrain.h">
      <Filter>ソース ファイル\system\GameObject</Filter>
    </ClInclude>
    <ClInclude Include="system\TriangleDrawer.h">
      <Filter>ソース ファイル\system</Filter>
    </ClInclude>
    <ClInclude Include="system\stb_perlin.h">
      <Filter>ソース ファイル\system</Filter>
    </ClInclude>
    <ClInclude Include="scene\TestScene.h">
      <Filter>ソース ファイル\Scene</Filter>
    </ClInclude>
    <ClInclude Include="system\Framework\Time\Time.h">
      <Filter>ソース ファイル\MyFramework\Manager\Time</Filter>
    </ClInclude>
    <ClInclude Include="system\Framework\PhysicsSystem\PhysicsLayer.h">
      <Filter>ソース ファイル\MyFramework\Manager\PhysicsManager</Filter>
    </ClInclude>
    <ClInclude Include="system\Framework\PhysicsSystem\JoltDebugRendererDX11.h">
      <Filter>ソース ファイル\MyFramework\Manager\PhysicsManager</Filter>
    </ClInclude>
    <ClInclude Include="system\Framework\PhysicsSystem\PhysicsManager.h">
      <Filter>ソース ファイル\MyFramework\Manager\PhysicsManager</Filter>
    </ClInclude>
    <ClInclude Include="system\Framework\Component\Physic\BoxCollider.h">
      <Filter>ソース ファイル\MyFramework\Component\Collider</Filter>
    </ClInclude>
    <ClInclude Include="system\Framework\Component\Physic\PhysicsComponent.h">
      <Filter>ソース ファイル\MyFramework\Component\Collider</Filter>
    </ClInclude>
    <ClInclude Include="system\Framework\Component\Physic\Rigidbody.h">
      <Filter>ソース ファイル\MyFramework\Component\Collider</Filter>
    </ClInclude>
    <ClInclude Include="system\Framework\PhysicsSystem\Physics.h">
      <Filter>ソース ファイル\MyFramework\Manager\PhysicsManager</Filter>
    </ClInclude>
    <ClInclude Include="scene\CollisionTestScene.h">
      <Filter>ソース ファイル\Scene</Filter>
    </ClInclude>
    <ClInclude Include="system\Framework\Component\Physic\TerrainCollider.h">
      <Filter>ソース ファイル\MyFramework\Component\Collider</Filter>
    </ClInclude>
    <ClInclude Include="system\Framework\Component\Physic\StaticMeshCollider.h">
      <Filter>ソース ファイル\MyFramework\Component\Collider</Filter>
    </ClInclude>
    <ClInclude Include="system\Framework\Component\Physic\CapsuleCollider.h">
      <Filter>ソース ファイル\MyFramework\Component\Collider</Filter>
    </ClInclude>
    <ClInclude Include="system\DebugUI.h">
      <Filter>ソース ファイル\system\Debug</Filter>
    </ClInclude>
    <ClInclude Include="system\Framework\Component\Physic\CharacterVirtualComponent.h">
      <Filter>ソース ファイル\MyFramework\Component\Collider</Filter>
    </ClInclude>
    <ClInclude Include="system\Framework\Component\AI\EnemyAIComponent.h">
      <Filter>ソース ファイル\MyFramework\Component\EnemyAI</Filter>
    </ClInclude>
    <ClInclude Include="system\RandomEngine.h">
      <Filter>ソース ファイル\system</Filter>
    </ClInclude>
  </ItemGroup>
  <ItemGroup>
    <ClCompile Include="system\AssimpPerse.cpp">
      <Filter>ソース ファイル\system</Filter>
    </ClCompile>
    <ClCompile Include="system\BoneCombMatrix.cpp">
      <Filter>ソース ファイル\system</Filter>
    </ClCompile>
    <ClCompile Include="system\BoxDrawer.cpp">
      <Filter>ソース ファイル\system</Filter>
    </ClCompile>
    <ClCompile Include="system\C3DShape.cpp">
      <Filter>ソース ファイル\system</Filter>
    </ClCompile>
    <ClCompile Include="system\camera.cpp">
      <Filter>ソース ファイル\system</Filter>
    </ClCompile>
    <ClCompile Include="system\CapsuleDrawer.cpp">
      <Filter>ソース ファイル\system</Filter>
    </ClCompile>
    <ClCompile Include="system\CConeMesh.cpp">
      <Filter>ソース ファイル\system</Filter>
    </ClCompile>
    <ClCompile Include="system\CCylinderMesh.cpp">
      <Filter>ソース ファイル\system</Filter>
    </ClCompile>
    <ClCompile Include="system\CLineMesh.cpp">
      <Filter>ソース ファイル\system</Filter>
    </ClCompile>
    <ClCompile Include="system\ConeDrawer.cpp">
      <Filter>ソース ファイル\system</Filter>
    </ClCompile>
    <ClCompile Include="system\CShader.cpp">
      <Filter>ソース ファイル\system</Filter>
    </ClCompile>
    <ClCompile Include="system\CSprite.cpp">
      <Filter>ソース ファイル\system</Filter>
    </ClCompile>
    <ClCompile Include="system\CStaticMesh.cpp">
      <Filter>ソース ファイル\system</Filter>
    </ClCompile>
    <ClCompile Include="system\CStaticMeshRenderer.cpp">
      <Filter>ソース ファイル\system</Filter>
    </ClCompile>
    <ClCompile Include="system\CylinderDrawer.cpp">
      <Filter>ソース ファイル\system</Filter>
    </ClCompile>
    <ClCompile Include="system\dx11helper.cpp">
      <Filter>ソース ファイル\system</Filter>
    </ClCompile>
    <ClCompile Include="system\LineDrawer.cpp">
      <Filter>ソース ファイル\system</Filter>
    </ClCompile>
    <ClCompile Include="system\SphereDrawer.cpp">
      <Filter>ソース ファイル\system</Filter>
    </ClCompile>
    <ClCompile Include="system\stb.cpp">
      <Filter>ソース ファイル\system</Filter>
    </ClCompile>
    <ClCompile Include="system\utility.cpp">
      <Filter>ソース ファイル\system</Filter>
    </ClCompile>
    <ClCompile Include="system\imgui\imgui.cpp">
      <Filter>ソース ファイル\system\imgui</Filter>
    </ClCompile>
    <ClCompile Include="system\imgui\imgui_demo.cpp">
      <Filter>ソース ファイル\system\imgui</Filter>
    </ClCompile>
    <ClCompile Include="system\imgui\imgui_draw.cpp">
      <Filter>ソース ファイル\system\imgui</Filter>
    </ClCompile>
    <ClCompile Include="system\imgui\imgui_impl_dx11.cpp">
      <Filter>ソース ファイル\system\imgui</Filter>
    </ClCompile>
    <ClCompile Include="system\imgui\imgui_impl_win32.cpp">
      <Filter>ソース ファイル\system\imgui</Filter>
    </ClCompile>
    <ClCompile Include="system\imgui\imgui_tables.cpp">
      <Filter>ソース ファイル\system\imgui</Filter>
    </ClCompile>
    <ClCompile Include="system\imgui\imgui_widgets.cpp">
      <Filter>ソース ファイル\system\imgui</Filter>
    </ClCompile>
    <ClCompile Include="scene\SkeltalmeshScene.cpp">
      <Filter>ソース ファイル\Scene</Filter>
    </ClCompile>
    <ClCompile Include="system\Framework\Window\Window.cpp">
      <Filter>ソース ファイル\MyFramework\Window</Filter>
    </ClCompile>
    <ClCompile Include="system\Framework\SceneManager\SceneManager.cpp">
      <Filter>ソース ファイル\MyFramework\Manager\SceneManager</Filter>
    </ClCompile>
    <ClCompile Include="system\Framework\ObjectManager\ObjectManager.cpp">
      <Filter>ソース ファイル\MyFramework\Manager\ObjectManager</Filter>
    </ClCompile>
    <ClCompile Include="system\Framework\ShaderManager\ShaderManager.cpp">
      <Filter>ソース ファイル\MyFramework\Manager\ShaderManager</Filter>
    </ClCompile>
    <ClCompile Include="system\Framework\Scene\IScene.cpp">
      <Filter>ソース ファイル\MyFramework\IScene</Filter>
    </ClCompile>
    <ClCompile Include="system\Framework\Shader\IShader\IShader.cpp">
      <Filter>ソース ファイル\MyFramework\Shader</Filter>
    </ClCompile>
    <ClCompile Include="system\Framework\Shader\Shaders\PixelShader.cpp">
      <Filter>ソース ファイル\MyFramework\Shader</Filter>
    </ClCompile>
    <ClCompile Include="system\Framework\Shader\Shaders\VertexShader.cpp">
      <Filter>ソース ファイル\MyFramework\Shader</Filter>
    </ClCompile>
    <ClCompile Include="system\CTexture.cpp">
      <Filter>ソース ファイル\system\SampleFramework</Filter>
    </ClCompile>
    <ClCompile Include="system\renderer.cpp">
      <Filter>ソース ファイル\system\SampleFramework</Filter>
    </ClCompile>
    <ClCompile Include="system\Framework\Application\Application.cpp">
      <Filter>ソース ファイル\MyFramework\Application</Filter>
    </ClCompile>
    <ClCompile Include="system\Framework\Game\Game.cpp">
      <Filter>ソース ファイル\MyFramework\Game</Filter>
    </ClCompile>
    <ClCompile Include="system\Framework\Application\Entry\main.cpp">
      <Filter>ソース ファイル\MyFramework\エントリーポイント</Filter>
    </ClCompile>
    <ClCompile Include="scene\TitleScene.cpp">
      <Filter>ソース ファイル\Scene</Filter>
    </ClCompile>
    <ClCompile Include="system\Framework\AssetManager\AssetManager.cpp">
      <Filter>ソース ファイル\MyFramework\Manager\AssetManager</Filter>
    </ClCompile>
    <ClCompile Include="system\Framework\GameObject\GameObject.cpp">
      <Filter>ソース ファイル\MyFramework\GameObject</Filter>
    </ClCompile>
    <ClCompile Include="system\Framework\GameObject\Character\Character.cpp">
      <Filter>ソース ファイル\MyFramework\GameObject\Character</Filter>
    </ClCompile>
    <ClCompile Include="system\Framework\Component\Transform\Transform.cpp">
      <Filter>ソース ファイル\MyFramework\Transform</Filter>
    </ClCompile>
    <ClCompile Include="system\CPlaneMesh.cpp">
      <Filter>ソース ファイル\system</Filter>
    </ClCompile>
    <ClCompile Include="system\Framework\GameObject\Player\Player.cpp">
      <Filter>ソース ファイル\MyFramework\GameObject\Player</Filter>
    </ClCompile>
    <ClCompile Include="system\Framework\SceneManager\Transition\FadeTransition.cpp">
      <Filter>ソース ファイル\MyFramework\Manager\SceneManager\Transition</Filter>
    </ClCompile>
    <ClCompile Include="system\Framework\GameObject\Enemy\Enemy.cpp">
      <Filter>ソース ファイル\MyFramework\GameObject\Enemy</Filter>
    </ClCompile>
    <ClCompile Include="scene\ResultScene.cpp">
      <Filter>ソース ファイル\Scene</Filter>
    </ClCompile>
    <ClCompile Include="system\CAnimationData.cpp">
      <Filter>ソース ファイル\system\Animation</Filter>
    </ClCompile>
    <ClCompile Include="system\CAnimationMesh.cpp">
      <Filter>ソース ファイル\system\Animation</Filter>
    </ClCompile>
    <ClCompile Include="system\CAnimationObject.cpp">
      <Filter>ソース ファイル\system\Animation</Filter>
    </ClCompile>
    <ClCompile Include="system\Billboard\Billboard.cpp">
      <Filter>ソース ファイル\MyFramework\GameObject\Billboard</Filter>
    </ClCompile>
    <ClCompile Include="system\Framework\Component\IComponent\IComponent.cpp">
      <Filter>ソース ファイル\MyFramework\Component\IComponent</Filter>
    </ClCompile>
    <ClCompile Include="system\Framework\Component\Renderer\IRenderer\IRenderer.cpp">
      <Filter>ソース ファイル\MyFramework\Component\IRenderer</Filter>
    </ClCompile>
    <ClCompile Include="system\Framework\Graphics\RenderManager.cpp">
      <Filter>ソース ファイル\MyFramework\Manager\RenderManager</Filter>
    </ClCompile>
    <ClCompile Include="system\Framework\Graphics\GraphicsDevice.cpp">
      <Filter>ソース ファイル\MyFramework\GraphicsSystem</Filter>
    </ClCompile>
    <ClCompile Include="system\Framework\Component\Renderer\MeshRenderer\MeshRenderer.cpp">
      <Filter>ソース ファイル\MyFramework\Component\MeshRenderer</Filter>
    </ClCompile>
    <ClCompile Include="system\Cube\Cube.cpp">
      <Filter>ソース ファイル\MyFramework\GameObject\Box</Filter>
    </ClCompile>
    <ClCompile Include="system\Framework\Material\MyMaterial.cpp">
      <Filter>ソース ファイル\MyFramework\Material</Filter>
    </ClCompile>
    <ClCompile Include="system\Framework\ColliderManager\collision.cpp">
      <Filter>ソース ファイル\MyFramework\Manager\ColliderManager</Filter>
    </ClCompile>
    <ClCompile Include="system\CPlane.cpp">
      <Filter>ソース ファイル\system</Filter>
    </ClCompile>
    <ClCompile Include="system\GameObject\obstacle.cpp">
      <Filter>ソース ファイル\system\GameObject</Filter>
    </ClCompile>
    <ClCompile Include="system\GameObject\Rock.cpp">
      <Filter>ソース ファイル\system\GameObject</Filter>
    </ClCompile>
    <ClCompile Include="system\GameObject\Skydome.cpp">
      <Filter>ソース ファイル\system\GameObject</Filter>
    </ClCompile>
    <ClCompile Include="system\TriangleDrawer.cpp">
      <Filter>ソース ファイル\system</Filter>
    </ClCompile>
    <ClCompile Include="system\stbperlin.cpp">
      <Filter>ソース ファイル\system</Filter>
    </ClCompile>
    <ClCompile Include="scene\TestScene.cpp">
      <Filter>ソース ファイル\Scene</Filter>
    </ClCompile>
    <ClCompile Include="system\Framework\PhysicsSystem\PhysicsManager.cpp">
      <Filter>ソース ファイル\MyFramework\Manager\PhysicsManager</Filter>
    </ClCompile>
    <ClCompile Include="system\Framework\PhysicsSystem\JoltDebugRendererDX11.cpp">
      <Filter>ソース ファイル\MyFramework\Manager\PhysicsManager</Filter>
    </ClCompile>
    <ClCompile Include="system\Framework\Component\Physic\BoxCollider.cpp">
      <Filter>ソース ファイル\MyFramework\Component\Collider</Filter>
    </ClCompile>
    <ClCompile Include="system\Framework\Component\Physic\PhysicsComponent.cpp">
      <Filter>ソース ファイル\MyFramework\Component\Collider</Filter>
    </ClCompile>
    <ClCompile Include="system\Framework\Component\Physic\Rigidbody.cpp">
      <Filter>ソース ファイル\MyFramework\Component\Collider</Filter>
    </ClCompile>
    <ClCompile Include="scene\CollisionTestScene.cpp">
      <Filter>ソース ファイル\Scene</Filter>
    </ClCompile>
    <ClCompile Include="system\Framework\Component\Physic\TerrainCollider.cpp">
      <Filter>ソース ファイル\MyFramework\Component\Collider</Filter>
    </ClCompile>
    <ClCompile Include="system\Framework\Component\Physic\StaticMeshCollider.cpp">
      <Filter>ソース ファイル\MyFramework\Component\Collider</Filter>
    </ClCompile>
    <ClCompile Include="system\Framework\Component\Physic\CapsuleCollider.cpp">
      <Filter>ソース ファイル\MyFramework\Component\Collider</Filter>
    </ClCompile>
    <ClCompile Include="system\DebugUI.cpp">
      <Filter>ソース ファイル\system\Debug</Filter>
    </ClCompile>
    <ClCompile Include="system\GameObject\Terrain.cpp">
      <Filter>ソース ファイル\system\GameObject</Filter>
    </ClCompile>
    <ClCompile Include="system\Framework\Component\Physic\CharacterVirtualComponent.cpp">
      <Filter>ソース ファイル\MyFramework\Component\Collider</Filter>
    </ClCompile>
    <ClCompile Include="system\Framework\Component\AI\EnemyAIComponent.cpp">
      <Filter>ソース ファイル\MyFramework\Component\EnemyAI</Filter>
    </ClCompile>
  </ItemGroup>
  <ItemGroup>
    <FxCompile Include="shader\common.hlsl">
      <Filter>リソース ファイル</Filter>
    </FxCompile>
    <FxCompile Include="shader\GeometryShader.hlsl">
      <Filter>リソース ファイル</Filter>
    </FxCompile>
    <FxCompile Include="shader\unlitTexturePS.hlsl">
      <Filter>リソース ファイル</Filter>
    </FxCompile>
    <FxCompile Include="shader\unlitTextureVS.hlsl">
      <Filter>リソース ファイル</Filter>
    </FxCompile>
    <FxCompile Include="shader\vertexLightingOneSkinVS.hlsl">
      <Filter>リソース ファイル</Filter>
    </FxCompile>
    <FxCompile Include="shader\vertexLightingPS.hlsl">
      <Filter>リソース ファイル</Filter>
    </FxCompile>
    <FxCompile Include="shader\vertexLightingVS.hlsl">
      <Filter>リソース ファイル</Filter>
    </FxCompile>
    <FxCompile Include="shader\litTexturePS.hlsl">
      <Filter>リソース ファイル</Filter>
    </FxCompile>
    <FxCompile Include="shader\litTextureVS.hlsl">
      <Filter>リソース ファイル</Filter>
    </FxCompile>
  </ItemGroup>
</Project>